
Microsoft Visual Studio Solution File, Format Version 12.00
# Visual Studio Version 17
VisualStudioVersion = 17.6.33723.286
MinimumVisualStudioVersion = 10.0.40219.1
Project("{FAE04EC0-301F-11D3-BF4B-00C04F79EFBC}") = "ColorSlide", "ColorSlide\ColorSlide.csproj", "{A2CA7622-0450-4FA1-A606-08C588CB6188}"
EndProject
Global
	GlobalSection(SolutionConfigurationPlatforms) = preSolution
		Debug|Any CPU = Debug|Any CPU
		Release|Any CPU = Release|Any CPU
	EndGlobalSection
	GlobalSection(ProjectConfigurationPlatforms) = postSolution
		{A2CA7622-0450-4FA1-A606-08C588CB6188}.Debug|Any CPU.ActiveCfg = Debug|Any CPU
		{A2CA7622-0450-4FA1-A606-08C588CB6188}.Debug|Any CPU.Build.0 = Debug|Any CPU
		{A2CA7622-0450-4FA1-A606-08C588CB6188}.Release|Any CPU.ActiveCfg = Release|Any CPU
		{A2CA7622-0450-4FA1-A606-08C588CB6188}.Release|Any CPU.Build.0 = Release|Any CPU
	EndGlobalSection
	GlobalSection(SolutionProperties) = preSolution
		HideSolutionNode = FALSE
	EndGlobalSection
	GlobalSection(ExtensibilityGlobals) = postSolution
		SolutionGuid = {FC39D204-7FC8-4CB6-BFD7-4DACF53BEC2E}
	EndGlobalSection
EndGlobal
